
Microsoft Visual Studio Solution File, Format Version 12.00
# Visual Studio Version 16
VisualStudioVersion = 16.0.29709.97
MinimumVisualStudioVersion = 10.0.40219.1
Project("{9A19103F-16F7-4668-BE54-9A1E7A4F7556}") = "DatingApp", "DatingAppAPI\DatingApp.csproj", "{A7414B91-205B-41AC-B5EE-F2DEB38B920C}"
EndProject
Global
	GlobalSection(SolutionConfigurationPlatforms) = preSolution
		Debug|Any CPU = Debug|Any CPU
		Release|Any CPU = Release|Any CPU
	EndGlobalSection
	GlobalSection(ProjectConfigurationPlatforms) = postSolution
		{A7414B91-205B-41AC-B5EE-F2DEB38B920C}.Debug|Any CPU.ActiveCfg = Debug|Any CPU
		{A7414B91-205B-41AC-B5EE-F2DEB38B920C}.Debug|Any CPU.Build.0 = Debug|Any CPU
		{A7414B91-205B-41AC-B5EE-F2DEB38B920C}.Release|Any CPU.ActiveCfg = Release|Any CPU
		{A7414B91-205B-41AC-B5EE-F2DEB38B920C}.Release|Any CPU.Build.0 = Release|Any CPU
	EndGlobalSection
	GlobalSection(SolutionProperties) = preSolution
		HideSolutionNode = FALSE
	EndGlobalSection
	GlobalSection(ExtensibilityGlobals) = postSolution
		SolutionGuid = {55148F52-86A2-4024-8CE5-1DF8627D805B}
	EndGlobalSection
EndGlobal
